// !$*UTF8*$!
{
	archiveVersion = 1;
	classes = {
	};
	objectVersion = 56;
	objects = {

/* Begin PBXBuildFile section */
		B18B131328E09BB600BF6140 /* Assets.xcassets in Resources */ = {isa = PBXBuildFile; fileRef = B18B131228E09BB600BF6140 /* Assets.xcassets */; };
		B18B131628E09BB600BF6140 /* Preview Assets.xcassets in Resources */ = {isa = PBXBuildFile; fileRef = B18B131528E09BB600BF6140 /* Preview Assets.xcassets */; };
		B18B131E28E09BC700BF6140 /* main.swift in Sources */ = {isa = PBXBuildFile; fileRef = B18B131D28E09BC700BF6140 /* main.swift */; };
		B18B132028E09CC000BF6140 /* FinalCutPro.swift in Sources */ = {isa = PBXBuildFile; fileRef = B18B131F28E09CC000BF6140 /* FinalCutPro.swift */; };
		B18B132228E0A3E700BF6140 /* OSStatusError.swift in Sources */ = {isa = PBXBuildFile; fileRef = B18B132128E0A3E700BF6140 /* OSStatusError.swift */; };
		B18B132428E0AA6700BF6140 /* FinalCutProError.swift in Sources */ = {isa = PBXBuildFile; fileRef = B18B132328E0AA6700BF6140 /* FinalCutProError.swift */; };
/* End PBXBuildFile section */

/* Begin PBXFileReference section */
		B18B130B28E09BB500BF6140 /* FinalCutProForceRelauncher.app */ = {isa = PBXFileReference; explicitFileType = wrapper.application; includeInIndex = 0; path = FinalCutProForceRelauncher.app; sourceTree = BUILT_PRODUCTS_DIR; };
		B18B131228E09BB600BF6140 /* Assets.xcassets */ = {isa = PBXFileReference; lastKnownFileType = folder.assetcatalog; path = Assets.xcassets; sourceTree = "<group>"; };
		B18B131528E09BB600BF6140 /* Preview Assets.xcassets */ = {isa = PBXFileReference; lastKnownFileType = folder.assetcatalog; path = "Preview Assets.xcassets"; sourceTree = "<group>"; };
		B18B131728E09BB600BF6140 /* FinalCutProForceRelauncher.entitlements */ = {isa = PBXFileReference; lastKnownFileType = text.plist.entitlements; path = FinalCutProForceRelauncher.entitlements; sourceTree = "<group>"; };
		B18B131D28E09BC700BF6140 /* main.swift */ = {isa = PBXFileReference; lastKnownFileType = sourcecode.swift; path = main.swift; sourceTree = "<group>"; };
		B18B131F28E09CC000BF6140 /* FinalCutPro.swift */ = {isa = PBXFileReference; lastKnownFileType = sourcecode.swift; path = FinalCutPro.swift; sourceTree = "<group>"; };
		B18B132128E0A3E700BF6140 /* OSStatusError.swift */ = {isa = PBXFileReference; lastKnownFileType = sourcecode.swift; path = OSStatusError.swift; sourceTree = "<group>"; };
		B18B132328E0AA6700BF6140 /* FinalCutProError.swift */ = {isa = PBXFileReference; lastKnownFileType = sourcecode.swift; path = FinalCutProError.swift; sourceTree = "<group>"; };
		B18B132728E0B25E00BF6140 /* Resources */ = {isa = PBXFileReference; lastKnownFileType = folder; path = Resources; sourceTree = "<group>"; };
/* End PBXFileReference section */

/* Begin PBXFrameworksBuildPhase section */
		B18B130828E09BB500BF6140 /* Frameworks */ = {
			isa = PBXFrameworksBuildPhase;
			buildActionMask = 2147483647;
			files = (
			);
			runOnlyForDeploymentPostprocessing = 0;
		};
/* End PBXFrameworksBuildPhase section */

/* Begin PBXGroup section */
		B18B130228E09BB500BF6140 = {
			isa = PBXGroup;
			children = (
				B18B132728E0B25E00BF6140 /* Resources */,
				B18B130D28E09BB500BF6140 /* FinalCutProForceRelauncher */,
				B18B130C28E09BB500BF6140 /* Products */,
			);
			sourceTree = "<group>";
		};
		B18B130C28E09BB500BF6140 /* Products */ = {
			isa = PBXGroup;
			children = (
				B18B130B28E09BB500BF6140 /* FinalCutProForceRelauncher.app */,
			);
			name = Products;
			sourceTree = "<group>";
		};
		B18B130D28E09BB500BF6140 /* FinalCutProForceRelauncher */ = {
			isa = PBXGroup;
			children = (
				B18B131D28E09BC700BF6140 /* main.swift */,
				B18B131F28E09CC000BF6140 /* FinalCutPro.swift */,
				B18B132128E0A3E700BF6140 /* OSStatusError.swift */,
				B18B132328E0AA6700BF6140 /* FinalCutProError.swift */,
				B18B131228E09BB600BF6140 /* Assets.xcassets */,
				B18B131728E09BB600BF6140 /* FinalCutProForceRelauncher.entitlements */,
				B18B131428E09BB600BF6140 /* Preview Content */,
			);
			path = FinalCutProForceRelauncher;
			sourceTree = "<group>";
		};
		B18B131428E09BB600BF6140 /* Preview Content */ = {
			isa = PBXGroup;
			children = (
				B18B131528E09BB600BF6140 /* Preview Assets.xcassets */,
			);
			path = "Preview Content";
			sourceTree = "<group>";
		};
/* End PBXGroup section */

/* Begin PBXNativeTarget section */
		B18B130A28E09BB500BF6140 /* FinalCutProForceRelauncher */ = {
			isa = PBXNativeTarget;
			buildConfigurationList = B18B131A28E09BB600BF6140 /* Build configuration list for PBXNativeTarget "FinalCutProForceRelauncher" */;
			buildPhases = (
				B18B130728E09BB500BF6140 /* Sources */,
				B18B130828E09BB500BF6140 /* Frameworks */,
				B18B130928E09BB500BF6140 /* Resources */,
			);
			buildRules = (
			);
			dependencies = (
			);
			name = FinalCutProForceRelauncher;
			productName = FinalCutProForceRelauncher;
			productReference = B18B130B28E09BB500BF6140 /* FinalCutProForceRelauncher.app */;
			productType = "com.apple.product-type.application";
		};
/* End PBXNativeTarget section */

/* Begin PBXProject section */
		B18B130328E09BB500BF6140 /* Project object */ = {
			isa = PBXProject;
			attributes = {
				BuildIndependentTargetsInParallel = 1;
				LastSwiftUpdateCheck = 1400;
				LastUpgradeCheck = 1400;
				TargetAttributes = {
					B18B130A28E09BB500BF6140 = {
						CreatedOnToolsVersion = 14.0;
					};
				};
			};
			buildConfigurationList = B18B130628E09BB500BF6140 /* Build configuration list for PBXProject "FinalCutProForceRelauncher" */;
			compatibilityVersion = "Xcode 14.0";
			developmentRegion = en;
			hasScannedForEncodings = 0;
			knownRegions = (
				en,
				Base,
			);
			mainGroup = B18B130228E09BB500BF6140;
			productRefGroup = B18B130C28E09BB500BF6140 /* Products */;
			projectDirPath = "";
			projectRoot = "";
			targets = (
				B18B130A28E09BB500BF6140 /* FinalCutProForceRelauncher */,
			);
		};
/* End PBXProject section */

/* Begin PBXResourcesBuildPhase section */
		B18B130928E09BB500BF6140 /* Resources */ = {
			isa = PBXResourcesBuildPhase;
			buildActionMask = 2147483647;
			files = (
				B18B131628E09BB600BF6140 /* Preview Assets.xcassets in Resources */,
				B18B131328E09BB600BF6140 /* Assets.xcassets in Resources */,
			);
			runOnlyForDeploymentPostprocessing = 0;
		};
/* End PBXResourcesBuildPhase section */

/* Begin PBXSourcesBuildPhase section */
		B18B130728E09BB500BF6140 /* Sources */ = {
			isa = PBXSourcesBuildPhase;
			buildActionMask = 2147483647;
			files = (
				B18B132428E0AA6700BF6140 /* FinalCutProError.swift in Sources */,
				B18B131E28E09BC700BF6140 /* main.swift in Sources */,
				B18B132028E09CC000BF6140 /* FinalCutPro.swift in Sources */,
				B18B132228E0A3E700BF6140 /* OSStatusError.swift in Sources */,
			);
			runOnlyForDeploymentPostprocessing = 0;
		};
/* End PBXSourcesBuildPhase section */

/* Begin XCBuildConfiguration section */
		B18B131828E09BB600BF6140 /* Debug */ = {
			isa = XCBuildConfiguration;
			buildSettings = {
				ALWAYS_SEARCH_USER_PATHS = NO;
				CLANG_ANALYZER_NONNULL = YES;
				CLANG_ANALYZER_NUMBER_OBJECT_CONVERSION = YES_AGGRESSIVE;
				CLANG_CXX_LANGUAGE_STANDARD = "gnu++20";
				CLANG_ENABLE_MODULES = YES;
				CLANG_ENABLE_OBJC_ARC = YES;
				CLANG_ENABLE_OBJC_WEAK = YES;
				CLANG_WARN_BLOCK_CAPTURE_AUTORELEASING = YES;
				CLANG_WARN_BOOL_CONVERSION = YES;
				CLANG_WARN_COMMA = YES;
				CLANG_WARN_CONSTANT_CONVERSION = YES;
				CLANG_WARN_DEPRECATED_OBJC_IMPLEMENTATIONS = YES;
				CLANG_WARN_DIRECT_OBJC_ISA_USAGE = YES_ERROR;
				CLANG_WARN_DOCUMENTATION_COMMENTS = YES;
				CLANG_WARN_EMPTY_BODY = YES;
				CLANG_WARN_ENUM_CONVERSION = YES;
				CLANG_WARN_INFINITE_RECURSION = YES;
				CLANG_WARN_INT_CONVERSION = YES;
				CLANG_WARN_NON_LITERAL_NULL_CONVERSION = YES;
				CLANG_WARN_OBJC_IMPLICIT_RETAIN_SELF = YES;
				CLANG_WARN_OBJC_LITERAL_CONVERSION = YES;
				CLANG_WARN_OBJC_ROOT_CLASS = YES_ERROR;
				CLANG_WARN_QUOTED_INCLUDE_IN_FRAMEWORK_HEADER = YES;
				CLANG_WARN_RANGE_LOOP_ANALYSIS = YES;
				CLANG_WARN_STRICT_PROTOTYPES = YES;
				CLANG_WARN_SUSPICIOUS_MOVE = YES;
				CLANG_WARN_UNGUARDED_AVAILABILITY = YES_AGGRESSIVE;
				CLANG_WARN_UNREACHABLE_CODE = YES;
				CLANG_WARN__DUPLICATE_METHOD_MATCH = YES;
				COPY_PHASE_STRIP = NO;
				DEBUG_INFORMATION_FORMAT = dwarf;
				ENABLE_STRICT_OBJC_MSGSEND = YES;
				ENABLE_TESTABILITY = YES;
				GCC_C_LANGUAGE_STANDARD = gnu11;
				GCC_DYNAMIC_NO_PIC = NO;
				GCC_NO_COMMON_BLOCKS = YES;
				GCC_OPTIMIZATION_LEVEL = 0;
				GCC_PREPROCESSOR_DEFINITIONS = (
					"DEBUG=1",
					"$(inherited)",
				);
				GCC_WARN_64_TO_32_BIT_CONVERSION = YES;
				GCC_WARN_ABOUT_RETURN_TYPE = YES_ERROR;
				GCC_WARN_UNDECLARED_SELECTOR = YES;
				GCC_WARN_UNINITIALIZED_AUTOS = YES_AGGRESSIVE;
				GCC_WARN_UNUSED_FUNCTION = YES;
				GCC_WARN_UNUSED_VARIABLE = YES;
				MACOSX_DEPLOYMENT_TARGET = 10.15;
				MTL_ENABLE_DEBUG_INFO = INCLUDE_SOURCE;
				MTL_FAST_MATH = YES;
				ONLY_ACTIVE_ARCH = YES;
				SDKROOT = macosx;
				SWIFT_ACTIVE_COMPILATION_CONDITIONS = DEBUG;
				SWIFT_OPTIMIZATION_LEVEL = "-Onone";
			};
			name = Debug;
		};
		B18B131928E09BB600BF6140 /* Release */ = {
			isa = XCBuildConfiguration;
			buildSettings = {
				ALWAYS_SEARCH_USER_PATHS = NO;
				CLANG_ANALYZER_NONNULL = YES;
				CLANG_ANALYZER_NUMBER_OBJECT_CONVERSION = YES_AGGRESSIVE;
				CLANG_CXX_LANGUAGE_STANDARD = "gnu++20";
				CLANG_ENABLE_MODULES = YES;
				CLANG_ENABLE_OBJC_ARC = YES;
				CLANG_ENABLE_OBJC_WEAK = YES;
				CLANG_WARN_BLOCK_CAPTURE_AUTORELEASING = YES;
				CLANG_WARN_BOOL_CONVERSION = YES;
				CLANG_WARN_COMMA = YES;
				CLANG_WARN_CONSTANT_CONVERSION = YES;
				CLANG_WARN_DEPRECATED_OBJC_IMPLEMENTATIONS = YES;
				CLANG_WARN_DIRECT_OBJC_ISA_USAGE = YES_ERROR;
				CLANG_WARN_DOCUMENTATION_COMMENTS = YES;
				CLANG_WARN_EMPTY_BODY = YES;
				CLANG_WARN_ENUM_CONVERSION = YES;
				CLANG_WARN_INFINITE_RECURSION = YES;
				CLANG_WARN_INT_CONVERSION = YES;
				CLANG_WARN_NON_LITERAL_NULL_CONVERSION = YES;
				CLANG_WARN_OBJC_IMPLICIT_RETAIN_SELF = YES;
				CLANG_WARN_OBJC_LITERAL_CONVERSION = YES;
				CLANG_WARN_OBJC_ROOT_CLASS = YES_ERROR;
				CLANG_WARN_QUOTED_INCLUDE_IN_FRAMEWORK_HEADER = YES;
				CLANG_WARN_RANGE_LOOP_ANALYSIS = YES;
				CLANG_WARN_STRICT_PROTOTYPES = YES;
				CLANG_WARN_SUSPICIOUS_MOVE = YES;
				CLANG_WARN_UNGUARDED_AVAILABILITY = YES_AGGRESSIVE;
				CLANG_WARN_UNREACHABLE_CODE = YES;
				CLANG_WARN__DUPLICATE_METHOD_MATCH = YES;
				COPY_PHASE_STRIP = NO;
				DEBUG_INFORMATION_FORMAT = "dwarf-with-dsym";
				ENABLE_NS_ASSERTIONS = NO;
				ENABLE_STRICT_OBJC_MSGSEND = YES;
				GCC_C_LANGUAGE_STANDARD = gnu11;
				GCC_NO_COMMON_BLOCKS = YES;
				GCC_WARN_64_TO_32_BIT_CONVERSION = YES;
				GCC_WARN_ABOUT_RETURN_TYPE = YES_ERROR;
				GCC_WARN_UNDECLARED_SELECTOR = YES;
				GCC_WARN_UNINITIALIZED_AUTOS = YES_AGGRESSIVE;
				GCC_WARN_UNUSED_FUNCTION = YES;
				GCC_WARN_UNUSED_VARIABLE = YES;
				MACOSX_DEPLOYMENT_TARGET = 10.15;
				MTL_ENABLE_DEBUG_INFO = NO;
				MTL_FAST_MATH = YES;
				SDKROOT = macosx;
				SWIFT_COMPILATION_MODE = wholemodule;
				SWIFT_OPTIMIZATION_LEVEL = "-O";
			};
			name = Release;
		};
		B18B131B28E09BB600BF6140 /* Debug */ = {
			isa = XCBuildConfiguration;
			buildSettings = {
				ASSETCATALOG_COMPILER_APPICON_NAME = AppIcon;
				ASSETCATALOG_COMPILER_GLOBAL_ACCENT_COLOR_NAME = AccentColor;
				CODE_SIGN_ENTITLEMENTS = FinalCutProForceRelauncher/FinalCutProForceRelauncher.entitlements;
				CODE_SIGN_STYLE = Automatic;
				COMBINE_HIDPI_IMAGES = YES;
				CURRENT_PROJECT_VERSION = 1;
				DEVELOPMENT_ASSET_PATHS = "\"FinalCutProForceRelauncher/Preview Content\"";
				DEVELOPMENT_TEAM = 89282N6UM7;
				ENABLE_HARDENED_RUNTIME = NO;
				ENABLE_PREVIEWS = YES;
				GENERATE_INFOPLIST_FILE = YES;
				INFOPLIST_KEY_NSHumanReadableCopyright = "";
				LD_RUNPATH_SEARCH_PATHS = (
					"$(inherited)",
					"@executable_path/../Frameworks",
				);
				MARKETING_VERSION = 1.0;
				PRODUCT_BUNDLE_IDENTIFIER = "jp.ez-net.FinalCutProForceRelauncher";
				PRODUCT_NAME = "$(TARGET_NAME)";
				SWIFT_EMIT_LOC_STRINGS = YES;
				SWIFT_VERSION = 5.0;
			};
			name = Debug;
		};
		B18B131C28E09BB600BF6140 /* Release */ = {
			isa = XCBuildConfiguration;
			buildSettings = {
				ASSETCATALOG_COMPILER_APPICON_NAME = AppIcon;
				ASSETCATALOG_COMPILER_GLOBAL_ACCENT_COLOR_NAME = AccentColor;
				CODE_SIGN_ENTITLEMENTS = FinalCutProForceRelauncher/FinalCutProForceRelauncher.entitlements;
				CODE_SIGN_STYLE = Automatic;
				COMBINE_HIDPI_IMAGES = YES;
				CURRENT_PROJECT_VERSION = 1;
				DEVELOPMENT_ASSET_PATHS = "\"FinalCutProForceRelauncher/Preview Content\"";
				DEVELOPMENT_TEAM = 89282N6UM7;
				ENABLE_HARDENED_RUNTIME = NO;
				ENABLE_PREVIEWS = YES;
				GENERATE_INFOPLIST_FILE = YES;
				INFOPLIST_KEY_NSHumanReadableCopyright = "";
				LD_RUNPATH_SEARCH_PATHS = (
					"$(inherited)",
					"@executable_path/../Frameworks",
				);
				MARKETING_VERSION = 1.0;
				PRODUCT_BUNDLE_IDENTIFIER = "jp.ez-net.FinalCutProForceRelauncher";
				PRODUCT_NAME = "$(TARGET_NAME)";
				SWIFT_EMIT_LOC_STRINGS = YES;
				SWIFT_VERSION = 5.0;
			};
			name = Release;
		};
/* End XCBuildConfiguration section */

/* Begin XCConfigurationList section */
		B18B130628E09BB500BF6140 /* Build configuration list for PBXProject "FinalCutProForceRelauncher" */ = {
			isa = XCConfigurationList;
			buildConfigurations = (
				B18B131828E09BB600BF6140 /* Debug */,
				B18B131928E09BB600BF6140 /* Release */,
			);
			defaultConfigurationIsVisible = 0;
			defaultConfigurationName = Release;
		};
		B18B131A28E09BB600BF6140 /* Build configuration list for PBXNativeTarget "FinalCutProForceRelauncher" */ = {
			isa = XCConfigurationList;
			buildConfigurations = (
				B18B131B28E09BB600BF6140 /* Debug */,
				B18B131C28E09BB600BF6140 /* Release */,
			);
			defaultConfigurationIsVisible = 0;
			defaultConfigurationName = Release;
		};
/* End XCConfigurationList section */
	};
	rootObject = B18B130328E09BB500BF6140 /* Project object */;
}
